
Microsoft Visual Studio Solution File, Format Version 12.00
# Visual Studio Version 16
VisualStudioVersion = 16.0.31005.135
MinimumVisualStudioVersion = 10.0.40219.1
Project("{FAE04EC0-301F-11D3-BF4B-00C04F79EFBC}") = "SistemaBanco_Exercicio", "SistemaBanco_Exercicio\SistemaBanco_Exercicio.csproj", "{221DB38C-DB2E-4921-B059-E7D1A69DDE00}"
EndProject
Global
	GlobalSection(SolutionConfigurationPlatforms) = preSolution
		Debug|Any CPU = Debug|Any CPU
		Release|Any CPU = Release|Any CPU
	EndGlobalSection
	GlobalSection(ProjectConfigurationPlatforms) = postSolution
		{221DB38C-DB2E-4921-B059-E7D1A69DDE00}.Debug|Any CPU.ActiveCfg = Debug|Any CPU
		{221DB38C-DB2E-4921-B059-E7D1A69DDE00}.Debug|Any CPU.Build.0 = Debug|Any CPU
		{221DB38C-DB2E-4921-B059-E7D1A69DDE00}.Release|Any CPU.ActiveCfg = Release|Any CPU
		{221DB38C-DB2E-4921-B059-E7D1A69DDE00}.Release|Any CPU.Build.0 = Release|Any CPU
	EndGlobalSection
	GlobalSection(SolutionProperties) = preSolution
		HideSolutionNode = FALSE
	EndGlobalSection
	GlobalSection(ExtensibilityGlobals) = postSolution
		SolutionGuid = {D3DF3A5F-EE26-4741-8424-47983B471F52}
	EndGlobalSection
EndGlobal
